
Microsoft Visual Studio Solution File, Format Version 12.00
# Visual Studio 15
VisualStudioVersion = 15.0.26430.16
MinimumVisualStudioVersion = 10.0.40219.1
Project("{FAE04EC0-301F-11D3-BF4B-00C04F79EFBC}") = "WFA_BauWissenProjectHastane.UI", "WFA_BauWissenProjectHastaneUI\WFA_BauWissenProjectHastane.UI.csproj", "{0EDB083B-D1DD-4796-8E47-085F94D2D283}"
EndProject
Project("{FAE04EC0-301F-11D3-BF4B-00C04F79EFBC}") = "WFA_BauWissenProjectHastane.OOP", "WFA_BauWissenProjectHastane.OOP\WFA_BauWissenProjectHastane.OOP.csproj", "{302F3145-CDBD-471D-B25C-8734252DE68D}"
EndProject
Global
	GlobalSection(SolutionConfigurationPlatforms) = preSolution
		Debug|Any CPU = Debug|Any CPU
		Release|Any CPU = Release|Any CPU
	EndGlobalSection
	GlobalSection(ProjectConfigurationPlatforms) = postSolution
		{0EDB083B-D1DD-4796-8E47-085F94D2D283}.Debug|Any CPU.ActiveCfg = Debug|Any CPU
		{0EDB083B-D1DD-4796-8E47-085F94D2D283}.Debug|Any CPU.Build.0 = Debug|Any CPU
		{0EDB083B-D1DD-4796-8E47-085F94D2D283}.Release|Any CPU.ActiveCfg = Release|Any CPU
		{0EDB083B-D1DD-4796-8E47-085F94D2D283}.Release|Any CPU.Build.0 = Release|Any CPU
		{302F3145-CDBD-471D-B25C-8734252DE68D}.Debug|Any CPU.ActiveCfg = Debug|Any CPU
		{302F3145-CDBD-471D-B25C-8734252DE68D}.Debug|Any CPU.Build.0 = Debug|Any CPU
		{302F3145-CDBD-471D-B25C-8734252DE68D}.Release|Any CPU.ActiveCfg = Release|Any CPU
		{302F3145-CDBD-471D-B25C-8734252DE68D}.Release|Any CPU.Build.0 = Release|Any CPU
	EndGlobalSection
	GlobalSection(SolutionProperties) = preSolution
		HideSolutionNode = FALSE
	EndGlobalSection
	GlobalSection(TeamFoundationVersionControl) = preSolution
		SccNumberOfProjects = 3
		SccEnterpriseProvider = {4CA58AB2-18FA-4F8D-95D4-32DDF27D184C}
		SccTeamFoundationServer = https://bauwissenproject.visualstudio.com/
		SccLocalPath0 = .
		SccProjectUniqueName1 = WFA_BauWissenProjectHastane.OOP\\WFA_BauWissenProjectHastane.OOP.csproj
		SccProjectName1 = WFA_BauWissenProjectHastane.OOP
		SccLocalPath1 = WFA_BauWissenProjectHastane.OOP
		SccProjectUniqueName2 = WFA_BauWissenProjectHastaneUI\\WFA_BauWissenProjectHastane.UI.csproj
		SccProjectName2 = WFA_BauWissenProjectHastaneUI
		SccLocalPath2 = WFA_BauWissenProjectHastaneUI
	EndGlobalSection
EndGlobal
